
Microsoft Visual Studio Solution File, Format Version 12.00
# Visual Studio Version 16
VisualStudioVersion = 16.0.31702.278
MinimumVisualStudioVersion = 10.0.40219.1
Project("{FAE04EC0-301F-11D3-BF4B-00C04F79EFBC}") = "PersonnelRecordsClient", "PersonnelRecordsClient\PersonnelRecordsClient.csproj", "{8677EB8D-B30E-4680-8B5E-7EC31613DFCE}"
EndProject
Global
	GlobalSection(SolutionConfigurationPlatforms) = preSolution
		Debug|Any CPU = Debug|Any CPU
		Release|Any CPU = Release|Any CPU
	EndGlobalSection
	GlobalSection(ProjectConfigurationPlatforms) = postSolution
		{8677EB8D-B30E-4680-8B5E-7EC31613DFCE}.Debug|Any CPU.ActiveCfg = Debug|Any CPU
		{8677EB8D-B30E-4680-8B5E-7EC31613DFCE}.Debug|Any CPU.Build.0 = Debug|Any CPU
		{8677EB8D-B30E-4680-8B5E-7EC31613DFCE}.Release|Any CPU.ActiveCfg = Release|Any CPU
		{8677EB8D-B30E-4680-8B5E-7EC31613DFCE}.Release|Any CPU.Build.0 = Release|Any CPU
	EndGlobalSection
	GlobalSection(SolutionProperties) = preSolution
		HideSolutionNode = FALSE
	EndGlobalSection
	GlobalSection(ExtensibilityGlobals) = postSolution
		SolutionGuid = {60B5E8F9-D2F6-49A4-8DAA-0DC7061AC3A2}
	EndGlobalSection
EndGlobal
